
Microsoft Visual Studio Solution File, Format Version 12.00
# Visual Studio 15
VisualStudioVersion = 15.0.26228.4
MinimumVisualStudioVersion = 10.0.40219.1
Project("{FAE04EC0-301F-11D3-BF4B-00C04F79EFBC}") = "STL Auto", "STL Auto\STL Auto.csproj", "{8DE31D6C-626C-471D-AC4A-D85DBE3D1FA1}"
EndProject
Project("{FAE04EC0-301F-11D3-BF4B-00C04F79EFBC}") = "STLx", "STLx\STLx.csproj", "{477E4D7D-B48B-49C0-BAF0-BC1CCBA2BB01}"
EndProject
Project("{FAE04EC0-301F-11D3-BF4B-00C04F79EFBC}") = "STLx.Test", "STLx.Test\STLx.Test.csproj", "{AF66E404-0DB7-4239-B018-62A4CC980DC3}"
EndProject
Global
	GlobalSection(SolutionConfigurationPlatforms) = preSolution
		Debug|Any CPU = Debug|Any CPU
		Release|Any CPU = Release|Any CPU
	EndGlobalSection
	GlobalSection(ProjectConfigurationPlatforms) = postSolution
		{8DE31D6C-626C-471D-AC4A-D85DBE3D1FA1}.Debug|Any CPU.ActiveCfg = Debug|Any CPU
		{8DE31D6C-626C-471D-AC4A-D85DBE3D1FA1}.Debug|Any CPU.Build.0 = Debug|Any CPU
		{8DE31D6C-626C-471D-AC4A-D85DBE3D1FA1}.Release|Any CPU.ActiveCfg = Release|Any CPU
		{8DE31D6C-626C-471D-AC4A-D85DBE3D1FA1}.Release|Any CPU.Build.0 = Release|Any CPU
		{477E4D7D-B48B-49C0-BAF0-BC1CCBA2BB01}.Debug|Any CPU.ActiveCfg = Debug|Any CPU
		{477E4D7D-B48B-49C0-BAF0-BC1CCBA2BB01}.Debug|Any CPU.Build.0 = Debug|Any CPU
		{477E4D7D-B48B-49C0-BAF0-BC1CCBA2BB01}.Release|Any CPU.ActiveCfg = Release|Any CPU
		{477E4D7D-B48B-49C0-BAF0-BC1CCBA2BB01}.Release|Any CPU.Build.0 = Release|Any CPU
		{AF66E404-0DB7-4239-B018-62A4CC980DC3}.Debug|Any CPU.ActiveCfg = Debug|Any CPU
		{AF66E404-0DB7-4239-B018-62A4CC980DC3}.Debug|Any CPU.Build.0 = Debug|Any CPU
		{AF66E404-0DB7-4239-B018-62A4CC980DC3}.Release|Any CPU.ActiveCfg = Release|Any CPU
		{AF66E404-0DB7-4239-B018-62A4CC980DC3}.Release|Any CPU.Build.0 = Release|Any CPU
	EndGlobalSection
	GlobalSection(SolutionProperties) = preSolution
		HideSolutionNode = FALSE
	EndGlobalSection
	GlobalSection(ExtensibilityGlobals) = postSolution
		SolutionGuid = {735E9720-34BE-4C1F-871E-CA9D0D547D07}
	EndGlobalSection
EndGlobal
